
Microsoft Visual Studio Solution File, Format Version 12.00
# Visual Studio 2013
VisualStudioVersion = 12.0.40629.0
MinimumVisualStudioVersion = 10.0.40219.1
Project("{FAE04EC0-301F-11D3-BF4B-00C04F79EFBC}") = "Entities", "Entities\Entities.csproj", "{82F14580-29EB-425B-98B3-EA8E6C977D15}"
EndProject
Project("{FAE04EC0-301F-11D3-BF4B-00C04F79EFBC}") = "ServiceLayer", "ServiceLayer\ServiceLayer.csproj", "{41BAA578-8F57-4FC3-8EFD-D2D408EB4B79}"
EndProject
Project("{FAE04EC0-301F-11D3-BF4B-00C04F79EFBC}") = "EFDataProvider", "EFDataProvider\EFDataProvider.csproj", "{0AE7A304-FB2B-430E-BC32-CACA3057D129}"
EndProject
Project("{FAE04EC0-301F-11D3-BF4B-00C04F79EFBC}") = "TestConsole", "TestConsole\TestConsole.csproj", "{48272349-B833-4986-9CAB-DF59F785F86D}"
EndProject
Global
	GlobalSection(SolutionConfigurationPlatforms) = preSolution
		Debug|Any CPU = Debug|Any CPU
		Release|Any CPU = Release|Any CPU
	EndGlobalSection
	GlobalSection(ProjectConfigurationPlatforms) = postSolution
		{82F14580-29EB-425B-98B3-EA8E6C977D15}.Debug|Any CPU.ActiveCfg = Debug|Any CPU
		{82F14580-29EB-425B-98B3-EA8E6C977D15}.Debug|Any CPU.Build.0 = Debug|Any CPU
		{82F14580-29EB-425B-98B3-EA8E6C977D15}.Release|Any CPU.ActiveCfg = Release|Any CPU
		{82F14580-29EB-425B-98B3-EA8E6C977D15}.Release|Any CPU.Build.0 = Release|Any CPU
		{41BAA578-8F57-4FC3-8EFD-D2D408EB4B79}.Debug|Any CPU.ActiveCfg = Debug|Any CPU
		{41BAA578-8F57-4FC3-8EFD-D2D408EB4B79}.Debug|Any CPU.Build.0 = Debug|Any CPU
		{41BAA578-8F57-4FC3-8EFD-D2D408EB4B79}.Release|Any CPU.ActiveCfg = Release|Any CPU
		{41BAA578-8F57-4FC3-8EFD-D2D408EB4B79}.Release|Any CPU.Build.0 = Release|Any CPU
		{0AE7A304-FB2B-430E-BC32-CACA3057D129}.Debug|Any CPU.ActiveCfg = Debug|Any CPU
		{0AE7A304-FB2B-430E-BC32-CACA3057D129}.Debug|Any CPU.Build.0 = Debug|Any CPU
		{0AE7A304-FB2B-430E-BC32-CACA3057D129}.Release|Any CPU.ActiveCfg = Release|Any CPU
		{0AE7A304-FB2B-430E-BC32-CACA3057D129}.Release|Any CPU.Build.0 = Release|Any CPU
		{48272349-B833-4986-9CAB-DF59F785F86D}.Debug|Any CPU.ActiveCfg = Debug|Any CPU
		{48272349-B833-4986-9CAB-DF59F785F86D}.Debug|Any CPU.Build.0 = Debug|Any CPU
		{48272349-B833-4986-9CAB-DF59F785F86D}.Release|Any CPU.ActiveCfg = Release|Any CPU
		{48272349-B833-4986-9CAB-DF59F785F86D}.Release|Any CPU.Build.0 = Release|Any CPU
	EndGlobalSection
	GlobalSection(SolutionProperties) = preSolution
		HideSolutionNode = FALSE
	EndGlobalSection
EndGlobal
